
Microsoft Visual Studio Solution File, Format Version 12.00
# Visual Studio Version 17
VisualStudioVersion = 17.12.35527.113
MinimumVisualStudioVersion = 10.0.40219.1
Project("{FAE04EC0-301F-11D3-BF4B-00C04F79EFBC}") = "Eoffice", "Eoffice.csproj", "{360A14F6-034F-485E-A067-68B8230DCA70}"
EndProject
Global
	GlobalSection(SolutionConfigurationPlatforms) = preSolution
		Debug|Any CPU = Debug|Any CPU
		Release|Any CPU = Release|Any CPU
	EndGlobalSection
	GlobalSection(ProjectConfigurationPlatforms) = postSolution
		{360A14F6-034F-485E-A067-68B8230DCA70}.Debug|Any CPU.ActiveCfg = Debug|Any CPU
		{360A14F6-034F-485E-A067-68B8230DCA70}.Debug|Any CPU.Build.0 = Debug|Any CPU
		{360A14F6-034F-485E-A067-68B8230DCA70}.Release|Any CPU.ActiveCfg = Release|Any CPU
		{360A14F6-034F-485E-A067-68B8230DCA70}.Release|Any CPU.Build.0 = Release|Any CPU
	EndGlobalSection
	GlobalSection(SolutionProperties) = preSolution
		HideSolutionNode = FALSE
	EndGlobalSection
	GlobalSection(ExtensibilityGlobals) = postSolution
		SolutionGuid = {F4D562CF-B730-40DB-AD0E-C4D4C9355888}
	EndGlobalSection
EndGlobal
